
Microsoft Visual Studio Solution File, Format Version 12.00
# Visual Studio Version 17
VisualStudioVersion = 17.3.32901.215
MinimumVisualStudioVersion = 10.0.40219.1
Project("{FAE04EC0-301F-11D3-BF4B-00C04F79EFBC}") = "FinalTaskLINQ", "FinalTaskLINQ\FinalTaskLINQ.csproj", "{8C8BDC83-1539-4FA5-A542-B7613675E9FA}"
EndProject
Global
	GlobalSection(SolutionConfigurationPlatforms) = preSolution
		Debug|Any CPU = Debug|Any CPU
		Release|Any CPU = Release|Any CPU
	EndGlobalSection
	GlobalSection(ProjectConfigurationPlatforms) = postSolution
		{8C8BDC83-1539-4FA5-A542-B7613675E9FA}.Debug|Any CPU.ActiveCfg = Debug|Any CPU
		{8C8BDC83-1539-4FA5-A542-B7613675E9FA}.Debug|Any CPU.Build.0 = Debug|Any CPU
		{8C8BDC83-1539-4FA5-A542-B7613675E9FA}.Release|Any CPU.ActiveCfg = Release|Any CPU
		{8C8BDC83-1539-4FA5-A542-B7613675E9FA}.Release|Any CPU.Build.0 = Release|Any CPU
	EndGlobalSection
	GlobalSection(SolutionProperties) = preSolution
		HideSolutionNode = FALSE
	EndGlobalSection
	GlobalSection(ExtensibilityGlobals) = postSolution
		SolutionGuid = {6CFE6E71-A2DE-4A71-935A-7AB70E9A177B}
	EndGlobalSection
EndGlobal
